
Microsoft Visual Studio Solution File, Format Version 12.00
# Visual Studio 2013
VisualStudioVersion = 12.0.40629.0
MinimumVisualStudioVersion = 10.0.40219.1
Project("{FAE04EC0-301F-11D3-BF4B-00C04F79EFBC}") = "1. SortArrayOfNumbers", "1. SortArrayOfNumbers\1. SortArrayOfNumbers.csproj", "{453B3E3E-4819-44EC-9706-4C82D75363A6}"
EndProject
Project("{FAE04EC0-301F-11D3-BF4B-00C04F79EFBC}") = "2. SelectionSort", "2. SelectionSort\2. SelectionSort.csproj", "{F8BECE3F-88A5-48C4-BF26-BA50029B3C9B}"
EndProject
Project("{FAE04EC0-301F-11D3-BF4B-00C04F79EFBC}") = "3. MinMaxAverage", "3. MinMaxAverage\3. MinMaxAverage.csproj", "{97F18482-89A1-45E3-93BC-9B005B181266}"
EndProject
Project("{FAE04EC0-301F-11D3-BF4B-00C04F79EFBC}") = "4. SequencesOfEqualStrings", "4. SequencesOfEqualStrings\4. SequencesOfEqualStrings.csproj", "{95ED7A3A-E322-46EF-957F-C0C1A92A0E79}"
EndProject
Project("{FAE04EC0-301F-11D3-BF4B-00C04F79EFBC}") = "5. LongestIncreasingSequence", "5. LongestIncreasingSequence\5. LongestIncreasingSequence.csproj", "{086C0489-CE93-4CB1-9911-331C013999B0}"
EndProject
Project("{FAE04EC0-301F-11D3-BF4B-00C04F79EFBC}") = "6. SubsetSums", "6. SubsetSums\6. SubsetSums.csproj", "{ABC81F6B-3610-4794-AA03-CC5283316E7C}"
EndProject
Project("{FAE04EC0-301F-11D3-BF4B-00C04F79EFBC}") = "10. PythagoreanNumbers", "10. PythagoreanNumbers\10. PythagoreanNumbers.csproj", "{BEA679C2-5F11-4A12-85B5-B0226AAEA0CF}"
EndProject
Project("{FAE04EC0-301F-11D3-BF4B-00C04F79EFBC}") = "7. SortedSubsetSums", "7. SortedSubsetSums\7. SortedSubsetSums.csproj", "{86BE5348-6C6D-49F4-B480-80E76B96D082}"
EndProject
Project("{FAE04EC0-301F-11D3-BF4B-00C04F79EFBC}") = "8. LegoBlocks", "8. LegoBlocks\8. LegoBlocks.csproj", "{E81A4D17-1CFB-4B47-9228-D4B22F008397}"
EndProject
Project("{FAE04EC0-301F-11D3-BF4B-00C04F79EFBC}") = "9. StuckNumbers", "9. StuckNumbers\9. StuckNumbers.csproj", "{5D4488E9-9002-4961-82E1-40D701513E66}"
EndProject
Global
	GlobalSection(SolutionConfigurationPlatforms) = preSolution
		Debug|Any CPU = Debug|Any CPU
		Release|Any CPU = Release|Any CPU
	EndGlobalSection
	GlobalSection(ProjectConfigurationPlatforms) = postSolution
		{453B3E3E-4819-44EC-9706-4C82D75363A6}.Debug|Any CPU.ActiveCfg = Debug|Any CPU
		{453B3E3E-4819-44EC-9706-4C82D75363A6}.Debug|Any CPU.Build.0 = Debug|Any CPU
		{453B3E3E-4819-44EC-9706-4C82D75363A6}.Release|Any CPU.ActiveCfg = Release|Any CPU
		{453B3E3E-4819-44EC-9706-4C82D75363A6}.Release|Any CPU.Build.0 = Release|Any CPU
		{F8BECE3F-88A5-48C4-BF26-BA50029B3C9B}.Debug|Any CPU.ActiveCfg = Debug|Any CPU
		{F8BECE3F-88A5-48C4-BF26-BA50029B3C9B}.Debug|Any CPU.Build.0 = Debug|Any CPU
		{F8BECE3F-88A5-48C4-BF26-BA50029B3C9B}.Release|Any CPU.ActiveCfg = Release|Any CPU
		{F8BECE3F-88A5-48C4-BF26-BA50029B3C9B}.Release|Any CPU.Build.0 = Release|Any CPU
		{97F18482-89A1-45E3-93BC-9B005B181266}.Debug|Any CPU.ActiveCfg = Debug|Any CPU
		{97F18482-89A1-45E3-93BC-9B005B181266}.Debug|Any CPU.Build.0 = Debug|Any CPU
		{97F18482-89A1-45E3-93BC-9B005B181266}.Release|Any CPU.ActiveCfg = Release|Any CPU
		{97F18482-89A1-45E3-93BC-9B005B181266}.Release|Any CPU.Build.0 = Release|Any CPU
		{95ED7A3A-E322-46EF-957F-C0C1A92A0E79}.Debug|Any CPU.ActiveCfg = Debug|Any CPU
		{95ED7A3A-E322-46EF-957F-C0C1A92A0E79}.Debug|Any CPU.Build.0 = Debug|Any CPU
		{95ED7A3A-E322-46EF-957F-C0C1A92A0E79}.Release|Any CPU.ActiveCfg = Release|Any CPU
		{95ED7A3A-E322-46EF-957F-C0C1A92A0E79}.Release|Any CPU.Build.0 = Release|Any CPU
		{086C0489-CE93-4CB1-9911-331C013999B0}.Debug|Any CPU.ActiveCfg = Debug|Any CPU
		{086C0489-CE93-4CB1-9911-331C013999B0}.Debug|Any CPU.Build.0 = Debug|Any CPU
		{086C0489-CE93-4CB1-9911-331C013999B0}.Release|Any CPU.ActiveCfg = Release|Any CPU
		{086C0489-CE93-4CB1-9911-331C013999B0}.Release|Any CPU.Build.0 = Release|Any CPU
		{ABC81F6B-3610-4794-AA03-CC5283316E7C}.Debug|Any CPU.ActiveCfg = Debug|Any CPU
		{ABC81F6B-3610-4794-AA03-CC5283316E7C}.Debug|Any CPU.Build.0 = Debug|Any CPU
		{ABC81F6B-3610-4794-AA03-CC5283316E7C}.Release|Any CPU.ActiveCfg = Release|Any CPU
		{ABC81F6B-3610-4794-AA03-CC5283316E7C}.Release|Any CPU.Build.0 = Release|Any CPU
		{BEA679C2-5F11-4A12-85B5-B0226AAEA0CF}.Debug|Any CPU.ActiveCfg = Debug|Any CPU
		{BEA679C2-5F11-4A12-85B5-B0226AAEA0CF}.Debug|Any CPU.Build.0 = Debug|Any CPU
		{BEA679C2-5F11-4A12-85B5-B0226AAEA0CF}.Release|Any CPU.ActiveCfg = Release|Any CPU
		{BEA679C2-5F11-4A12-85B5-B0226AAEA0CF}.Release|Any CPU.Build.0 = Release|Any CPU
		{86BE5348-6C6D-49F4-B480-80E76B96D082}.Debug|Any CPU.ActiveCfg = Debug|Any CPU
		{86BE5348-6C6D-49F4-B480-80E76B96D082}.Debug|Any CPU.Build.0 = Debug|Any CPU
		{86BE5348-6C6D-49F4-B480-80E76B96D082}.Release|Any CPU.ActiveCfg = Release|Any CPU
		{86BE5348-6C6D-49F4-B480-80E76B96D082}.Release|Any CPU.Build.0 = Release|Any CPU
		{E81A4D17-1CFB-4B47-9228-D4B22F008397}.Debug|Any CPU.ActiveCfg = Debug|Any CPU
		{E81A4D17-1CFB-4B47-9228-D4B22F008397}.Debug|Any CPU.Build.0 = Debug|Any CPU
		{E81A4D17-1CFB-4B47-9228-D4B22F008397}.Release|Any CPU.ActiveCfg = Release|Any CPU
		{E81A4D17-1CFB-4B47-9228-D4B22F008397}.Release|Any CPU.Build.0 = Release|Any CPU
		{5D4488E9-9002-4961-82E1-40D701513E66}.Debug|Any CPU.ActiveCfg = Debug|Any CPU
		{5D4488E9-9002-4961-82E1-40D701513E66}.Debug|Any CPU.Build.0 = Debug|Any CPU
		{5D4488E9-9002-4961-82E1-40D701513E66}.Release|Any CPU.ActiveCfg = Release|Any CPU
		{5D4488E9-9002-4961-82E1-40D701513E66}.Release|Any CPU.Build.0 = Release|Any CPU
	EndGlobalSection
	GlobalSection(SolutionProperties) = preSolution
		HideSolutionNode = FALSE
	EndGlobalSection
EndGlobal
