
Microsoft Visual Studio Solution File, Format Version 12.00
# Visual Studio 2013
VisualStudioVersion = 12.0.40629.0
MinimumVisualStudioVersion = 10.0.40219.1
Project("{FAE04EC0-301F-11D3-BF4B-00C04F79EFBC}") = "3. InsertionSort", "3. InsertionSort\3. InsertionSort.csproj", "{CF36AAF7-5F05-480D-9A66-D07B22E68CBE}"
EndProject
Project("{FAE04EC0-301F-11D3-BF4B-00C04F79EFBC}") = "4. LinearAndBinarySearch", "4. LinearAndBinarySearch\4. LinearAndBinarySearch.csproj", "{7E6425ED-7D81-4530-A5D7-CA01BEDFC0DA}"
EndProject
Project("{FAE04EC0-301F-11D3-BF4B-00C04F79EFBC}") = "1. PrimeFactorization", "1. PrimeFactorization\1. PrimeFactorization.csproj", "{5ABB3FBC-7358-4599-9091-79FA2980CA60}"
EndProject
Project("{FAE04EC0-301F-11D3-BF4B-00C04F79EFBC}") = "2. TheSieveOfEratosthenes", "2. TheSieveOfEratosthenes\2. TheSieveOfEratosthenes.csproj", "{031E36B4-CCE8-4537-B101-EE09F9B80E8C}"
EndProject
Global
	GlobalSection(SolutionConfigurationPlatforms) = preSolution
		Debug|Any CPU = Debug|Any CPU
		Release|Any CPU = Release|Any CPU
	EndGlobalSection
	GlobalSection(ProjectConfigurationPlatforms) = postSolution
		{CF36AAF7-5F05-480D-9A66-D07B22E68CBE}.Debug|Any CPU.ActiveCfg = Debug|Any CPU
		{CF36AAF7-5F05-480D-9A66-D07B22E68CBE}.Debug|Any CPU.Build.0 = Debug|Any CPU
		{CF36AAF7-5F05-480D-9A66-D07B22E68CBE}.Release|Any CPU.ActiveCfg = Release|Any CPU
		{CF36AAF7-5F05-480D-9A66-D07B22E68CBE}.Release|Any CPU.Build.0 = Release|Any CPU
		{7E6425ED-7D81-4530-A5D7-CA01BEDFC0DA}.Debug|Any CPU.ActiveCfg = Debug|Any CPU
		{7E6425ED-7D81-4530-A5D7-CA01BEDFC0DA}.Debug|Any CPU.Build.0 = Debug|Any CPU
		{7E6425ED-7D81-4530-A5D7-CA01BEDFC0DA}.Release|Any CPU.ActiveCfg = Release|Any CPU
		{7E6425ED-7D81-4530-A5D7-CA01BEDFC0DA}.Release|Any CPU.Build.0 = Release|Any CPU
		{5ABB3FBC-7358-4599-9091-79FA2980CA60}.Debug|Any CPU.ActiveCfg = Debug|Any CPU
		{5ABB3FBC-7358-4599-9091-79FA2980CA60}.Debug|Any CPU.Build.0 = Debug|Any CPU
		{5ABB3FBC-7358-4599-9091-79FA2980CA60}.Release|Any CPU.ActiveCfg = Release|Any CPU
		{5ABB3FBC-7358-4599-9091-79FA2980CA60}.Release|Any CPU.Build.0 = Release|Any CPU
		{031E36B4-CCE8-4537-B101-EE09F9B80E8C}.Debug|Any CPU.ActiveCfg = Debug|Any CPU
		{031E36B4-CCE8-4537-B101-EE09F9B80E8C}.Debug|Any CPU.Build.0 = Debug|Any CPU
		{031E36B4-CCE8-4537-B101-EE09F9B80E8C}.Release|Any CPU.ActiveCfg = Release|Any CPU
		{031E36B4-CCE8-4537-B101-EE09F9B80E8C}.Release|Any CPU.Build.0 = Release|Any CPU
	EndGlobalSection
	GlobalSection(SolutionProperties) = preSolution
		HideSolutionNode = FALSE
	EndGlobalSection
EndGlobal
