
Microsoft Visual Studio Solution File, Format Version 12.00
# Visual Studio 2013
VisualStudioVersion = 12.0.40629.0
MinimumVisualStudioVersion = 10.0.40219.1
Project("{FAE04EC0-301F-11D3-BF4B-00C04F79EFBC}") = "1. ReverseString", "1. ReverseString\1. ReverseString.csproj", "{07644236-A224-4507-A597-8EE63C7FBE18}"
EndProject
Project("{FAE04EC0-301F-11D3-BF4B-00C04F79EFBC}") = "2. StringLength", "2. StringLength\2. StringLength.csproj", "{2FC4C462-6D0E-4A18-87DD-F4B66E507A53}"
EndProject
Project("{FAE04EC0-301F-11D3-BF4B-00C04F79EFBC}") = "3. CountSubstringOccurrences", "3. CountSubstringOccurrences\3. CountSubstringOccurrences.csproj", "{970DB2F2-1C0F-4555-8D4D-3C756839E24C}"
EndProject
Project("{FAE04EC0-301F-11D3-BF4B-00C04F79EFBC}") = "4. TextFilter", "4. TextFilter\4. TextFilter.csproj", "{AD514B83-BB42-44AF-A20B-705BBE8B5E2F}"
EndProject
Project("{FAE04EC0-301F-11D3-BF4B-00C04F79EFBC}") = "5. UnicodeCharacters", "5. UnicodeCharacters\5. UnicodeCharacters.csproj", "{52DB09A0-9433-48D5-8EE5-D01AB9B9C68E}"
EndProject
Project("{FAE04EC0-301F-11D3-BF4B-00C04F79EFBC}") = "6. Palindromes", "6. Palindromes\6. Palindromes.csproj", "{C9DE8E27-D757-4758-BC13-580A8B484889}"
EndProject
Project("{FAE04EC0-301F-11D3-BF4B-00C04F79EFBC}") = "7. LettersChangeNumbers", "7. LettersChangeNumbers\7. LettersChangeNumbers.csproj", "{93CE9C8B-7EDF-4351-9E97-8FFA5B944893}"
EndProject
Global
	GlobalSection(SolutionConfigurationPlatforms) = preSolution
		Debug|Any CPU = Debug|Any CPU
		Release|Any CPU = Release|Any CPU
	EndGlobalSection
	GlobalSection(ProjectConfigurationPlatforms) = postSolution
		{07644236-A224-4507-A597-8EE63C7FBE18}.Debug|Any CPU.ActiveCfg = Debug|Any CPU
		{07644236-A224-4507-A597-8EE63C7FBE18}.Debug|Any CPU.Build.0 = Debug|Any CPU
		{07644236-A224-4507-A597-8EE63C7FBE18}.Release|Any CPU.ActiveCfg = Release|Any CPU
		{07644236-A224-4507-A597-8EE63C7FBE18}.Release|Any CPU.Build.0 = Release|Any CPU
		{2FC4C462-6D0E-4A18-87DD-F4B66E507A53}.Debug|Any CPU.ActiveCfg = Debug|Any CPU
		{2FC4C462-6D0E-4A18-87DD-F4B66E507A53}.Debug|Any CPU.Build.0 = Debug|Any CPU
		{2FC4C462-6D0E-4A18-87DD-F4B66E507A53}.Release|Any CPU.ActiveCfg = Release|Any CPU
		{2FC4C462-6D0E-4A18-87DD-F4B66E507A53}.Release|Any CPU.Build.0 = Release|Any CPU
		{970DB2F2-1C0F-4555-8D4D-3C756839E24C}.Debug|Any CPU.ActiveCfg = Debug|Any CPU
		{970DB2F2-1C0F-4555-8D4D-3C756839E24C}.Debug|Any CPU.Build.0 = Debug|Any CPU
		{970DB2F2-1C0F-4555-8D4D-3C756839E24C}.Release|Any CPU.ActiveCfg = Release|Any CPU
		{970DB2F2-1C0F-4555-8D4D-3C756839E24C}.Release|Any CPU.Build.0 = Release|Any CPU
		{AD514B83-BB42-44AF-A20B-705BBE8B5E2F}.Debug|Any CPU.ActiveCfg = Debug|Any CPU
		{AD514B83-BB42-44AF-A20B-705BBE8B5E2F}.Debug|Any CPU.Build.0 = Debug|Any CPU
		{AD514B83-BB42-44AF-A20B-705BBE8B5E2F}.Release|Any CPU.ActiveCfg = Release|Any CPU
		{AD514B83-BB42-44AF-A20B-705BBE8B5E2F}.Release|Any CPU.Build.0 = Release|Any CPU
		{52DB09A0-9433-48D5-8EE5-D01AB9B9C68E}.Debug|Any CPU.ActiveCfg = Debug|Any CPU
		{52DB09A0-9433-48D5-8EE5-D01AB9B9C68E}.Debug|Any CPU.Build.0 = Debug|Any CPU
		{52DB09A0-9433-48D5-8EE5-D01AB9B9C68E}.Release|Any CPU.ActiveCfg = Release|Any CPU
		{52DB09A0-9433-48D5-8EE5-D01AB9B9C68E}.Release|Any CPU.Build.0 = Release|Any CPU
		{C9DE8E27-D757-4758-BC13-580A8B484889}.Debug|Any CPU.ActiveCfg = Debug|Any CPU
		{C9DE8E27-D757-4758-BC13-580A8B484889}.Debug|Any CPU.Build.0 = Debug|Any CPU
		{C9DE8E27-D757-4758-BC13-580A8B484889}.Release|Any CPU.ActiveCfg = Release|Any CPU
		{C9DE8E27-D757-4758-BC13-580A8B484889}.Release|Any CPU.Build.0 = Release|Any CPU
		{93CE9C8B-7EDF-4351-9E97-8FFA5B944893}.Debug|Any CPU.ActiveCfg = Debug|Any CPU
		{93CE9C8B-7EDF-4351-9E97-8FFA5B944893}.Debug|Any CPU.Build.0 = Debug|Any CPU
		{93CE9C8B-7EDF-4351-9E97-8FFA5B944893}.Release|Any CPU.ActiveCfg = Release|Any CPU
		{93CE9C8B-7EDF-4351-9E97-8FFA5B944893}.Release|Any CPU.Build.0 = Release|Any CPU
	EndGlobalSection
	GlobalSection(SolutionProperties) = preSolution
		HideSolutionNode = FALSE
	EndGlobalSection
EndGlobal
